Microsoft Visual Studio Solution File, Format Version 11.00
# Visual Studio 2008

Project("{BA70AD5F-8ADB-ADA4-EED4-0A1F17715FC1}") = "Poc", "Assembly-CSharp.csproj", "{CF8A0328-8DDF-E6A0-BC15-3D118370C073}"
EndProject
Global
	GlobalSection(SolutionConfigurationPlatforms) = preSolution
		Debug|Any CPU = Debug|Any CPU
		Release|Any CPU = Release|Any CPU
	EndGlobalSection
	GlobalSection(ProjectConfigurationPlatforms) = postSolution
		{CF8A0328-8DDF-E6A0-BC15-3D118370C073}.Debug|Any CPU.ActiveCfg = Debug|Any CPU
		{CF8A0328-8DDF-E6A0-BC15-3D118370C073}.Debug|Any CPU.Build.0 = Debug|Any CPU
		{CF8A0328-8DDF-E6A0-BC15-3D118370C073}.Release|Any CPU.ActiveCfg = Release|Any CPU
		{CF8A0328-8DDF-E6A0-BC15-3D118370C073}.Release|Any CPU.Build.0 = Release|Any CPU
	EndGlobalSection
	GlobalSection(SolutionProperties) = preSolution
		HideSolutionNode = FALSE
	EndGlobalSection
	GlobalSection(MonoDevelopProperties) = preSolution
		StartupItem = Assembly-CSharp.csproj
	EndGlobalSection
EndGlobal
